
Microsoft Visual Studio Solution File, Format Version 12.00
# Visual Studio Version 17
VisualStudioVersion = 17.1.32407.343
MinimumVisualStudioVersion = 10.0.40219.1
Project("{2150E333-8FDC-42A3-9474-1A3956D46DE8}") = "Services", "Services", "{E088011A-2B5D-40AB-81AD-CC3F50279C2E}"
EndProject
Project("{2150E333-8FDC-42A3-9474-1A3956D46DE8}") = "Catalog", "Catalog", "{1EA98FAA-4437-45EB-874D-8A694F612A21}"
EndProject
Project("{FAE04EC0-301F-11D3-BF4B-00C04F79EFBC}") = "Catalog.API", "Services\Catalog\Catalog.API\Catalog.API.csproj", "{74FDA2C1-F5BF-4D7F-B37E-AB3B730BA41E}"
EndProject
Global
	GlobalSection(SolutionConfigurationPlatforms) = preSolution
		Debug|Any CPU = Debug|Any CPU
		Release|Any CPU = Release|Any CPU
	EndGlobalSection
	GlobalSection(ProjectConfigurationPlatforms) = postSolution
		{74FDA2C1-F5BF-4D7F-B37E-AB3B730BA41E}.Debug|Any CPU.ActiveCfg = Debug|Any CPU
		{74FDA2C1-F5BF-4D7F-B37E-AB3B730BA41E}.Debug|Any CPU.Build.0 = Debug|Any CPU
		{74FDA2C1-F5BF-4D7F-B37E-AB3B730BA41E}.Release|Any CPU.ActiveCfg = Release|Any CPU
		{74FDA2C1-F5BF-4D7F-B37E-AB3B730BA41E}.Release|Any CPU.Build.0 = Release|Any CPU
	EndGlobalSection
	GlobalSection(SolutionProperties) = preSolution
		HideSolutionNode = FALSE
	EndGlobalSection
	GlobalSection(NestedProjects) = preSolution
		{1EA98FAA-4437-45EB-874D-8A694F612A21} = {E088011A-2B5D-40AB-81AD-CC3F50279C2E}
		{74FDA2C1-F5BF-4D7F-B37E-AB3B730BA41E} = {1EA98FAA-4437-45EB-874D-8A694F612A21}
	EndGlobalSection
	GlobalSection(ExtensibilityGlobals) = postSolution
		SolutionGuid = {C1F8F099-B2B1-4FBF-9663-78A46D2DFBA7}
	EndGlobalSection
EndGlobal
